
Microsoft Visual Studio Solution File, Format Version 12.00
# Visual Studio Version 17
VisualStudioVersion = 17.8.34330.188
MinimumVisualStudioVersion = 10.0.40219.1
Project("{9A19103F-16F7-4668-BE54-9A1E7A4F7556}") = "Med.Backend.BL", "Med.Backend.BL\Med.Backend.BL.csproj", "{7120EF47-941C-4AAC-99E1-57F08011C622}"
EndProject
Project("{9A19103F-16F7-4668-BE54-9A1E7A4F7556}") = "Med.Backend.API", "Med.Backend.API\Med.Backend.API.csproj", "{6EE37624-75B0-48C8-B356-9428A5D50C85}"
EndProject
Project("{9A19103F-16F7-4668-BE54-9A1E7A4F7556}") = "Med.Backend.DAL", "Med.Backend.DAL\Med.Backend.DAL.csproj", "{EC02D590-A148-4A98-B941-D3F02A61280B}"
EndProject
Project("{9A19103F-16F7-4668-BE54-9A1E7A4F7556}") = "Med.Common", "Med.Common\Med.Common.csproj", "{B34D17EC-E844-4038-9368-E6894DB3088F}"
EndProject
Project("{FAE04EC0-301F-11D3-BF4B-00C04F79EFBC}") = "Med.FileManager.API", "Med.FileManager.API\Med.FileManager.API.csproj", "{AB7AB3E4-11B8-432B-96BC-5E1DD0809B87}"
EndProject
Project("{FAE04EC0-301F-11D3-BF4B-00C04F79EFBC}") = "Med.FileManager.BL", "Med.FileManager.BL\Med.FileManager.BL.csproj", "{1604EE47-4AD0-4E0C-8AFA-ACB3AA3D2B6C}"
EndProject
Global
	GlobalSection(SolutionConfigurationPlatforms) = preSolution
		Debug|Any CPU = Debug|Any CPU
		Release|Any CPU = Release|Any CPU
	EndGlobalSection
	GlobalSection(ProjectConfigurationPlatforms) = postSolution
		{7120EF47-941C-4AAC-99E1-57F08011C622}.Debug|Any CPU.ActiveCfg = Debug|Any CPU
		{7120EF47-941C-4AAC-99E1-57F08011C622}.Debug|Any CPU.Build.0 = Debug|Any CPU
		{7120EF47-941C-4AAC-99E1-57F08011C622}.Release|Any CPU.ActiveCfg = Release|Any CPU
		{7120EF47-941C-4AAC-99E1-57F08011C622}.Release|Any CPU.Build.0 = Release|Any CPU
		{6EE37624-75B0-48C8-B356-9428A5D50C85}.Debug|Any CPU.ActiveCfg = Debug|Any CPU
		{6EE37624-75B0-48C8-B356-9428A5D50C85}.Debug|Any CPU.Build.0 = Debug|Any CPU
		{6EE37624-75B0-48C8-B356-9428A5D50C85}.Release|Any CPU.ActiveCfg = Release|Any CPU
		{6EE37624-75B0-48C8-B356-9428A5D50C85}.Release|Any CPU.Build.0 = Release|Any CPU
		{EC02D590-A148-4A98-B941-D3F02A61280B}.Debug|Any CPU.ActiveCfg = Debug|Any CPU
		{EC02D590-A148-4A98-B941-D3F02A61280B}.Debug|Any CPU.Build.0 = Debug|Any CPU
		{EC02D590-A148-4A98-B941-D3F02A61280B}.Release|Any CPU.ActiveCfg = Release|Any CPU
		{EC02D590-A148-4A98-B941-D3F02A61280B}.Release|Any CPU.Build.0 = Release|Any CPU
		{B34D17EC-E844-4038-9368-E6894DB3088F}.Debug|Any CPU.ActiveCfg = Debug|Any CPU
		{B34D17EC-E844-4038-9368-E6894DB3088F}.Debug|Any CPU.Build.0 = Debug|Any CPU
		{B34D17EC-E844-4038-9368-E6894DB3088F}.Release|Any CPU.ActiveCfg = Release|Any CPU
		{B34D17EC-E844-4038-9368-E6894DB3088F}.Release|Any CPU.Build.0 = Release|Any CPU
		{AB7AB3E4-11B8-432B-96BC-5E1DD0809B87}.Debug|Any CPU.ActiveCfg = Debug|Any CPU
		{AB7AB3E4-11B8-432B-96BC-5E1DD0809B87}.Debug|Any CPU.Build.0 = Debug|Any CPU
		{AB7AB3E4-11B8-432B-96BC-5E1DD0809B87}.Release|Any CPU.ActiveCfg = Release|Any CPU
		{AB7AB3E4-11B8-432B-96BC-5E1DD0809B87}.Release|Any CPU.Build.0 = Release|Any CPU
		{1604EE47-4AD0-4E0C-8AFA-ACB3AA3D2B6C}.Debug|Any CPU.ActiveCfg = Debug|Any CPU
		{1604EE47-4AD0-4E0C-8AFA-ACB3AA3D2B6C}.Debug|Any CPU.Build.0 = Debug|Any CPU
		{1604EE47-4AD0-4E0C-8AFA-ACB3AA3D2B6C}.Release|Any CPU.ActiveCfg = Release|Any CPU
		{1604EE47-4AD0-4E0C-8AFA-ACB3AA3D2B6C}.Release|Any CPU.Build.0 = Release|Any CPU
	EndGlobalSection
	GlobalSection(SolutionProperties) = preSolution
		HideSolutionNode = FALSE
	EndGlobalSection
	GlobalSection(ExtensibilityGlobals) = postSolution
		SolutionGuid = {3D00F742-7FFF-4C26-BCFC-DDBA3685488C}
	EndGlobalSection
EndGlobal
